
Microsoft Visual Studio Solution File, Format Version 12.00
# Visual Studio 15
VisualStudioVersion = 15.0.26730.10
MinimumVisualStudioVersion = 10.0.40219.1
Project("{FAE04EC0-301F-11D3-BF4B-00C04F79EFBC}") = "Cesi.IntroCS.ConsoleApp", "Cesi.IntroCS.ConsoleApp\Cesi.IntroCS.ConsoleApp.csproj", "{13A347B6-B049-4107-B560-5EE2E371EBFA}"
EndProject
Global
	GlobalSection(SolutionConfigurationPlatforms) = preSolution
		Debug|Any CPU = Debug|Any CPU
		Release|Any CPU = Release|Any CPU
	EndGlobalSection
	GlobalSection(ProjectConfigurationPlatforms) = postSolution
		{13A347B6-B049-4107-B560-5EE2E371EBFA}.Debug|Any CPU.ActiveCfg = Debug|Any CPU
		{13A347B6-B049-4107-B560-5EE2E371EBFA}.Debug|Any CPU.Build.0 = Debug|Any CPU
		{13A347B6-B049-4107-B560-5EE2E371EBFA}.Release|Any CPU.ActiveCfg = Release|Any CPU
		{13A347B6-B049-4107-B560-5EE2E371EBFA}.Release|Any CPU.Build.0 = Release|Any CPU
	EndGlobalSection
	GlobalSection(SolutionProperties) = preSolution
		HideSolutionNode = FALSE
	EndGlobalSection
	GlobalSection(ExtensibilityGlobals) = postSolution
		SolutionGuid = {925FA601-7FB5-40D5-BBB2-B0B089621507}
	EndGlobalSection
EndGlobal
