
Microsoft Visual Studio Solution File, Format Version 12.00
# Visual Studio 15
VisualStudioVersion = 15.0.26730.10
MinimumVisualStudioVersion = 10.0.40219.1
Project("{FAE04EC0-301F-11D3-BF4B-00C04F79EFBC}") = "Cesi.IntroCS.ConsoleApp", "Cesi.IntroCS.ConsoleApp\Cesi.IntroCS.ConsoleApp.csproj", "{13A347B6-B049-4107-B560-5EE2E371EBFA}"
EndProject
Project("{FAE04EC0-301F-11D3-BF4B-00C04F79EFBC}") = "Cesi.IntroCS.LinqUnitTest", "Cesi.IntroCS.LinqUnitTest\Cesi.IntroCS.LinqUnitTest.csproj", "{0124936A-7EC1-46CA-8674-AEFC35E9944C}"
EndProject
Project("{FAE04EC0-301F-11D3-BF4B-00C04F79EFBC}") = "Cesi.IntroCS.LinqClassLibrary", "Cesi.IntroCS.LinqClassLibrary\Cesi.IntroCS.LinqClassLibrary.csproj", "{ECBD8503-DA0F-44DF-8439-60B037B69835}"
EndProject
Project("{FAE04EC0-301F-11D3-BF4B-00C04F79EFBC}") = "Cesi.IntroCS.GotSDK", "Cesi.IntroCS.GotSDK\Cesi.IntroCS.GotSDK.csproj", "{1A20A2A8-090C-4D23-96A0-AF874E33D68B}"
EndProject
Project("{2150E333-8FDC-42A3-9474-1A3956D46DE8}") = "CSharp", "CSharp", "{203EE9F0-AB21-4800-AE0A-FE4753AF22D5}"
EndProject
Project("{2150E333-8FDC-42A3-9474-1A3956D46DE8}") = "WPF", "WPF", "{6F5080E6-FD81-47A0-A946-E6E3F53E3466}"
EndProject
Project("{FAE04EC0-301F-11D3-BF4B-00C04F79EFBC}") = "Cesi.IntroCS.WpfApp", "Cesi.IntroCS.WpfApp\Cesi.IntroCS.WpfApp.csproj", "{2CEC0093-5565-4515-BCB2-BEAA4FBD99D3}"
EndProject
Global
	GlobalSection(SolutionConfigurationPlatforms) = preSolution
		Debug|Any CPU = Debug|Any CPU
		Release|Any CPU = Release|Any CPU
	EndGlobalSection
	GlobalSection(ProjectConfigurationPlatforms) = postSolution
		{13A347B6-B049-4107-B560-5EE2E371EBFA}.Debug|Any CPU.ActiveCfg = Debug|Any CPU
		{13A347B6-B049-4107-B560-5EE2E371EBFA}.Debug|Any CPU.Build.0 = Debug|Any CPU
		{13A347B6-B049-4107-B560-5EE2E371EBFA}.Release|Any CPU.ActiveCfg = Release|Any CPU
		{13A347B6-B049-4107-B560-5EE2E371EBFA}.Release|Any CPU.Build.0 = Release|Any CPU
		{0124936A-7EC1-46CA-8674-AEFC35E9944C}.Debug|Any CPU.ActiveCfg = Debug|Any CPU
		{0124936A-7EC1-46CA-8674-AEFC35E9944C}.Debug|Any CPU.Build.0 = Debug|Any CPU
		{0124936A-7EC1-46CA-8674-AEFC35E9944C}.Release|Any CPU.ActiveCfg = Release|Any CPU
		{0124936A-7EC1-46CA-8674-AEFC35E9944C}.Release|Any CPU.Build.0 = Release|Any CPU
		{ECBD8503-DA0F-44DF-8439-60B037B69835}.Debug|Any CPU.ActiveCfg = Debug|Any CPU
		{ECBD8503-DA0F-44DF-8439-60B037B69835}.Debug|Any CPU.Build.0 = Debug|Any CPU
		{ECBD8503-DA0F-44DF-8439-60B037B69835}.Release|Any CPU.ActiveCfg = Release|Any CPU
		{ECBD8503-DA0F-44DF-8439-60B037B69835}.Release|Any CPU.Build.0 = Release|Any CPU
		{1A20A2A8-090C-4D23-96A0-AF874E33D68B}.Debug|Any CPU.ActiveCfg = Debug|Any CPU
		{1A20A2A8-090C-4D23-96A0-AF874E33D68B}.Debug|Any CPU.Build.0 = Debug|Any CPU
		{1A20A2A8-090C-4D23-96A0-AF874E33D68B}.Release|Any CPU.ActiveCfg = Release|Any CPU
		{1A20A2A8-090C-4D23-96A0-AF874E33D68B}.Release|Any CPU.Build.0 = Release|Any CPU
		{2CEC0093-5565-4515-BCB2-BEAA4FBD99D3}.Debug|Any CPU.ActiveCfg = Debug|Any CPU
		{2CEC0093-5565-4515-BCB2-BEAA4FBD99D3}.Debug|Any CPU.Build.0 = Debug|Any CPU
		{2CEC0093-5565-4515-BCB2-BEAA4FBD99D3}.Release|Any CPU.ActiveCfg = Release|Any CPU
		{2CEC0093-5565-4515-BCB2-BEAA4FBD99D3}.Release|Any CPU.Build.0 = Release|Any CPU
	EndGlobalSection
	GlobalSection(SolutionProperties) = preSolution
		HideSolutionNode = FALSE
	EndGlobalSection
	GlobalSection(NestedProjects) = preSolution
		{13A347B6-B049-4107-B560-5EE2E371EBFA} = {203EE9F0-AB21-4800-AE0A-FE4753AF22D5}
		{0124936A-7EC1-46CA-8674-AEFC35E9944C} = {203EE9F0-AB21-4800-AE0A-FE4753AF22D5}
		{ECBD8503-DA0F-44DF-8439-60B037B69835} = {203EE9F0-AB21-4800-AE0A-FE4753AF22D5}
		{1A20A2A8-090C-4D23-96A0-AF874E33D68B} = {203EE9F0-AB21-4800-AE0A-FE4753AF22D5}
		{2CEC0093-5565-4515-BCB2-BEAA4FBD99D3} = {6F5080E6-FD81-47A0-A946-E6E3F53E3466}
	EndGlobalSection
	GlobalSection(ExtensibilityGlobals) = postSolution
		SolutionGuid = {925FA601-7FB5-40D5-BBB2-B0B089621507}
	EndGlobalSection
EndGlobal
