
Microsoft Visual Studio Solution File, Format Version 12.00
# Visual Studio 15
VisualStudioVersion = 15.0.26730.10
MinimumVisualStudioVersion = 10.0.40219.1
Project("{FAE04EC0-301F-11D3-BF4B-00C04F79EFBC}") = "Cesi.IntroCS.ConsoleApp", "Cesi.IntroCS.ConsoleApp\Cesi.IntroCS.ConsoleApp.csproj", "{13A347B6-B049-4107-B560-5EE2E371EBFA}"
EndProject
Project("{FAE04EC0-301F-11D3-BF4B-00C04F79EFBC}") = "Cesi.IntroCS.LinqUnitTest", "Cesi.IntroCS.LinqUnitTest\Cesi.IntroCS.LinqUnitTest.csproj", "{0124936A-7EC1-46CA-8674-AEFC35E9944C}"
EndProject
Project("{FAE04EC0-301F-11D3-BF4B-00C04F79EFBC}") = "Cesi.IntroCS.LinqClassLibrary", "Cesi.IntroCS.LinqClassLibrary\Cesi.IntroCS.LinqClassLibrary.csproj", "{ECBD8503-DA0F-44DF-8439-60B037B69835}"
EndProject
Project("{FAE04EC0-301F-11D3-BF4B-00C04F79EFBC}") = "Cesi.IntroCS.GotSDK", "Cesi.IntroCS.GotSDK\Cesi.IntroCS.GotSDK.csproj", "{1A20A2A8-090C-4D23-96A0-AF874E33D68B}"
EndProject
Project("{2150E333-8FDC-42A3-9474-1A3956D46DE8}") = "WPF", "WPF", "{6F5080E6-FD81-47A0-A946-E6E3F53E3466}"
EndProject
Project("{FAE04EC0-301F-11D3-BF4B-00C04F79EFBC}") = "Cesi.IntroCS.WpfApp", "Cesi.IntroCS.WpfApp\Cesi.IntroCS.WpfApp.csproj", "{2CEC0093-5565-4515-BCB2-BEAA4FBD99D3}"
EndProject
Project("{FAE04EC0-301F-11D3-BF4B-00C04F79EFBC}") = "Cesi.IntroCS.AdoConsoleApp", "Cesi.IntroCS.AdoConsoleApp\Cesi.IntroCS.AdoConsoleApp.csproj", "{EE9A3FDC-9F5D-4E99-99CF-D07C0E6F9CE7}"
EndProject
Project("{9A19103F-16F7-4668-BE54-9A1E7A4F7556}") = "Cesi.IntroCS.CoreDataAccess", "Cesi.IntroCS.CoreDataAccess\Cesi.IntroCS.CoreDataAccess.csproj", "{C546F734-CA9C-4A15-85A4-3949DB2EEFE1}"
EndProject
Project("{2150E333-8FDC-42A3-9474-1A3956D46DE8}") = "ef-core", "ef-core", "{E428621F-A61C-4D13-8570-238F62237F32}"
EndProject
Project("{2150E333-8FDC-42A3-9474-1A3956D46DE8}") = "cs", "cs", "{71925808-86BE-4EF9-A423-894488B12A32}"
EndProject
Project("{2150E333-8FDC-42A3-9474-1A3956D46DE8}") = "ado", "ado", "{AD2C7ED0-5272-4C4E-BAD4-DAF8DB11D764}"
EndProject
Project("{9A19103F-16F7-4668-BE54-9A1E7A4F7556}") = "Cesi.IntroCS.CoreConsoleApp", "Cesi.IntroCS.CoreConsoleApp\Cesi.IntroCS.CoreConsoleApp.csproj", "{4A0CC28D-2E77-42B4-89DD-8015990A5A74}"
EndProject
Project("{2150E333-8FDC-42A3-9474-1A3956D46DE8}") = "asp", "asp", "{015BDCAD-5106-4529-89ED-54EC755A0885}"
EndProject
Project("{FAE04EC0-301F-11D3-BF4B-00C04F79EFBC}") = "Cesi.IntroCS.WebForms", "WebApplication1\Cesi.IntroCS.WebForms.csproj", "{1FEE0BD6-8A2E-4177-860C-020AA09A7023}"
EndProject
Project("{FAE04EC0-301F-11D3-BF4B-00C04F79EFBC}") = "Cesi.IntroCS.MVC", "Cesi.IntroCS.MVC\Cesi.IntroCS.MVC.csproj", "{1042D9E5-4C38-4E00-84DB-F3FEA3C90D6F}"
EndProject
Project("{FAE04EC0-301F-11D3-BF4B-00C04F79EFBC}") = "Cesi.IntroCS.MVCApp1", "Cesi.IntroCS.MVCApp1\Cesi.IntroCS.MVCApp1.csproj", "{0E3F1C9E-64F5-409D-BA5F-9B756484D950}"
EndProject
Project("{FAE04EC0-301F-11D3-BF4B-00C04F79EFBC}") = "Cesi.IntroCS.WebAPI", "Cesi.IntroCS.WebAPI\Cesi.IntroCS.WebAPI.csproj", "{B9F40446-5751-42D7-AAAE-A8F3DA466183}"
EndProject
Project("{2150E333-8FDC-42A3-9474-1A3956D46DE8}") = "asp-core", "asp-core", "{84078E72-4B36-45B5-8D49-3C0B3099D537}"
EndProject
Project("{9A19103F-16F7-4668-BE54-9A1E7A4F7556}") = "Cesi.IntroCS.CoreWebApp", "Cesi.IntroCS.CoreWebApp\Cesi.IntroCS.CoreWebApp.csproj", "{3A24BFF1-6156-4380-91AF-FE613C3FE955}"
EndProject
Project("{FAE04EC0-301F-11D3-BF4B-00C04F79EFBC}") = "WebApplication2", "WebApplication2\WebApplication2.csproj", "{22DA0034-C47C-487C-A757-51415A031E2A}"
EndProject
Global
	GlobalSection(SolutionConfigurationPlatforms) = preSolution
		Debug|Any CPU = Debug|Any CPU
		Release|Any CPU = Release|Any CPU
	EndGlobalSection
	GlobalSection(ProjectConfigurationPlatforms) = postSolution
		{13A347B6-B049-4107-B560-5EE2E371EBFA}.Debug|Any CPU.ActiveCfg = Debug|Any CPU
		{13A347B6-B049-4107-B560-5EE2E371EBFA}.Debug|Any CPU.Build.0 = Debug|Any CPU
		{13A347B6-B049-4107-B560-5EE2E371EBFA}.Release|Any CPU.ActiveCfg = Release|Any CPU
		{13A347B6-B049-4107-B560-5EE2E371EBFA}.Release|Any CPU.Build.0 = Release|Any CPU
		{0124936A-7EC1-46CA-8674-AEFC35E9944C}.Debug|Any CPU.ActiveCfg = Debug|Any CPU
		{0124936A-7EC1-46CA-8674-AEFC35E9944C}.Debug|Any CPU.Build.0 = Debug|Any CPU
		{0124936A-7EC1-46CA-8674-AEFC35E9944C}.Release|Any CPU.ActiveCfg = Release|Any CPU
		{0124936A-7EC1-46CA-8674-AEFC35E9944C}.Release|Any CPU.Build.0 = Release|Any CPU
		{ECBD8503-DA0F-44DF-8439-60B037B69835}.Debug|Any CPU.ActiveCfg = Debug|Any CPU
		{ECBD8503-DA0F-44DF-8439-60B037B69835}.Debug|Any CPU.Build.0 = Debug|Any CPU
		{ECBD8503-DA0F-44DF-8439-60B037B69835}.Release|Any CPU.ActiveCfg = Release|Any CPU
		{ECBD8503-DA0F-44DF-8439-60B037B69835}.Release|Any CPU.Build.0 = Release|Any CPU
		{1A20A2A8-090C-4D23-96A0-AF874E33D68B}.Debug|Any CPU.ActiveCfg = Debug|Any CPU
		{1A20A2A8-090C-4D23-96A0-AF874E33D68B}.Debug|Any CPU.Build.0 = Debug|Any CPU
		{1A20A2A8-090C-4D23-96A0-AF874E33D68B}.Release|Any CPU.ActiveCfg = Release|Any CPU
		{1A20A2A8-090C-4D23-96A0-AF874E33D68B}.Release|Any CPU.Build.0 = Release|Any CPU
		{2CEC0093-5565-4515-BCB2-BEAA4FBD99D3}.Debug|Any CPU.ActiveCfg = Debug|Any CPU
		{2CEC0093-5565-4515-BCB2-BEAA4FBD99D3}.Debug|Any CPU.Build.0 = Debug|Any CPU
		{2CEC0093-5565-4515-BCB2-BEAA4FBD99D3}.Release|Any CPU.ActiveCfg = Release|Any CPU
		{2CEC0093-5565-4515-BCB2-BEAA4FBD99D3}.Release|Any CPU.Build.0 = Release|Any CPU
		{EE9A3FDC-9F5D-4E99-99CF-D07C0E6F9CE7}.Debug|Any CPU.ActiveCfg = Debug|Any CPU
		{EE9A3FDC-9F5D-4E99-99CF-D07C0E6F9CE7}.Debug|Any CPU.Build.0 = Debug|Any CPU
		{EE9A3FDC-9F5D-4E99-99CF-D07C0E6F9CE7}.Release|Any CPU.ActiveCfg = Release|Any CPU
		{EE9A3FDC-9F5D-4E99-99CF-D07C0E6F9CE7}.Release|Any CPU.Build.0 = Release|Any CPU
		{C546F734-CA9C-4A15-85A4-3949DB2EEFE1}.Debug|Any CPU.ActiveCfg = Debug|Any CPU
		{C546F734-CA9C-4A15-85A4-3949DB2EEFE1}.Debug|Any CPU.Build.0 = Debug|Any CPU
		{C546F734-CA9C-4A15-85A4-3949DB2EEFE1}.Release|Any CPU.ActiveCfg = Release|Any CPU
		{C546F734-CA9C-4A15-85A4-3949DB2EEFE1}.Release|Any CPU.Build.0 = Release|Any CPU
		{4A0CC28D-2E77-42B4-89DD-8015990A5A74}.Debug|Any CPU.ActiveCfg = Debug|Any CPU
		{4A0CC28D-2E77-42B4-89DD-8015990A5A74}.Debug|Any CPU.Build.0 = Debug|Any CPU
		{4A0CC28D-2E77-42B4-89DD-8015990A5A74}.Release|Any CPU.ActiveCfg = Release|Any CPU
		{4A0CC28D-2E77-42B4-89DD-8015990A5A74}.Release|Any CPU.Build.0 = Release|Any CPU
		{1FEE0BD6-8A2E-4177-860C-020AA09A7023}.Debug|Any CPU.ActiveCfg = Debug|Any CPU
		{1FEE0BD6-8A2E-4177-860C-020AA09A7023}.Debug|Any CPU.Build.0 = Debug|Any CPU
		{1FEE0BD6-8A2E-4177-860C-020AA09A7023}.Release|Any CPU.ActiveCfg = Release|Any CPU
		{1FEE0BD6-8A2E-4177-860C-020AA09A7023}.Release|Any CPU.Build.0 = Release|Any CPU
		{1042D9E5-4C38-4E00-84DB-F3FEA3C90D6F}.Debug|Any CPU.ActiveCfg = Debug|Any CPU
		{1042D9E5-4C38-4E00-84DB-F3FEA3C90D6F}.Debug|Any CPU.Build.0 = Debug|Any CPU
		{1042D9E5-4C38-4E00-84DB-F3FEA3C90D6F}.Release|Any CPU.ActiveCfg = Release|Any CPU
		{1042D9E5-4C38-4E00-84DB-F3FEA3C90D6F}.Release|Any CPU.Build.0 = Release|Any CPU
		{0E3F1C9E-64F5-409D-BA5F-9B756484D950}.Debug|Any CPU.ActiveCfg = Debug|Any CPU
		{0E3F1C9E-64F5-409D-BA5F-9B756484D950}.Debug|Any CPU.Build.0 = Debug|Any CPU
		{0E3F1C9E-64F5-409D-BA5F-9B756484D950}.Release|Any CPU.ActiveCfg = Release|Any CPU
		{0E3F1C9E-64F5-409D-BA5F-9B756484D950}.Release|Any CPU.Build.0 = Release|Any CPU
		{B9F40446-5751-42D7-AAAE-A8F3DA466183}.Debug|Any CPU.ActiveCfg = Debug|Any CPU
		{B9F40446-5751-42D7-AAAE-A8F3DA466183}.Debug|Any CPU.Build.0 = Debug|Any CPU
		{B9F40446-5751-42D7-AAAE-A8F3DA466183}.Release|Any CPU.ActiveCfg = Release|Any CPU
		{B9F40446-5751-42D7-AAAE-A8F3DA466183}.Release|Any CPU.Build.0 = Release|Any CPU
		{3A24BFF1-6156-4380-91AF-FE613C3FE955}.Debug|Any CPU.ActiveCfg = Debug|Any CPU
		{3A24BFF1-6156-4380-91AF-FE613C3FE955}.Debug|Any CPU.Build.0 = Debug|Any CPU
		{3A24BFF1-6156-4380-91AF-FE613C3FE955}.Release|Any CPU.ActiveCfg = Release|Any CPU
		{3A24BFF1-6156-4380-91AF-FE613C3FE955}.Release|Any CPU.Build.0 = Release|Any CPU
		{22DA0034-C47C-487C-A757-51415A031E2A}.Debug|Any CPU.ActiveCfg = Debug|Any CPU
		{22DA0034-C47C-487C-A757-51415A031E2A}.Debug|Any CPU.Build.0 = Debug|Any CPU
		{22DA0034-C47C-487C-A757-51415A031E2A}.Release|Any CPU.ActiveCfg = Release|Any CPU
		{22DA0034-C47C-487C-A757-51415A031E2A}.Release|Any CPU.Build.0 = Release|Any CPU
	EndGlobalSection
	GlobalSection(SolutionProperties) = preSolution
		HideSolutionNode = FALSE
	EndGlobalSection
	GlobalSection(NestedProjects) = preSolution
		{13A347B6-B049-4107-B560-5EE2E371EBFA} = {71925808-86BE-4EF9-A423-894488B12A32}
		{0124936A-7EC1-46CA-8674-AEFC35E9944C} = {71925808-86BE-4EF9-A423-894488B12A32}
		{ECBD8503-DA0F-44DF-8439-60B037B69835} = {71925808-86BE-4EF9-A423-894488B12A32}
		{1A20A2A8-090C-4D23-96A0-AF874E33D68B} = {71925808-86BE-4EF9-A423-894488B12A32}
		{2CEC0093-5565-4515-BCB2-BEAA4FBD99D3} = {6F5080E6-FD81-47A0-A946-E6E3F53E3466}
		{EE9A3FDC-9F5D-4E99-99CF-D07C0E6F9CE7} = {AD2C7ED0-5272-4C4E-BAD4-DAF8DB11D764}
		{C546F734-CA9C-4A15-85A4-3949DB2EEFE1} = {E428621F-A61C-4D13-8570-238F62237F32}
		{4A0CC28D-2E77-42B4-89DD-8015990A5A74} = {E428621F-A61C-4D13-8570-238F62237F32}
		{1FEE0BD6-8A2E-4177-860C-020AA09A7023} = {015BDCAD-5106-4529-89ED-54EC755A0885}
		{1042D9E5-4C38-4E00-84DB-F3FEA3C90D6F} = {015BDCAD-5106-4529-89ED-54EC755A0885}
		{0E3F1C9E-64F5-409D-BA5F-9B756484D950} = {015BDCAD-5106-4529-89ED-54EC755A0885}
		{B9F40446-5751-42D7-AAAE-A8F3DA466183} = {015BDCAD-5106-4529-89ED-54EC755A0885}
		{3A24BFF1-6156-4380-91AF-FE613C3FE955} = {84078E72-4B36-45B5-8D49-3C0B3099D537}
		{22DA0034-C47C-487C-A757-51415A031E2A} = {84078E72-4B36-45B5-8D49-3C0B3099D537}
	EndGlobalSection
	GlobalSection(ExtensibilityGlobals) = postSolution
		SolutionGuid = {925FA601-7FB5-40D5-BBB2-B0B089621507}
	EndGlobalSection
EndGlobal
